
Microsoft Visual Studio Solution File, Format Version 12.00
Project("{2150E333-8FDC-42A3-9474-1A3956D46DE8}") = "Solution Items", "Solution Items", "{1E1C7ABA-885A-4273-811E-B66AD28F9A87}"
	ProjectSection(SolutionItems) = preProject
		README.md = README.md
		CHANGELOG.md = CHANGELOG.md
		.gitignore = .gitignore
		Xenia.props = Xenia.props
	EndProjectSection
EndProject
Project("{FAE04EC0-301F-11D3-BF4B-00C04F79EFBC}") = "Xenia", "Xenia\Xenia.csproj", "{836474C8-9D44-41BA-9F05-AA7E0F4A5338}"
EndProject
Project("{FAE04EC0-301F-11D3-BF4B-00C04F79EFBC}") = "Xenia.Tests", "Xenia.Tests\Xenia.Tests.csproj", "{4324653C-63E8-4386-BD7C-9B9990629560}"
EndProject
Project("{FAE04EC0-301F-11D3-BF4B-00C04F79EFBC}") = "Xenia.Example", "Xenia.Example\Xenia.Example.csproj", "{9DAFF7F9-55EF-465E-864F-06BDED9CE0C7}"
EndProject
Project("{FAE04EC0-301F-11D3-BF4B-00C04F79EFBC}") = "Xenia.JSON", "Xenia.JSON\Xenia.JSON.csproj", "{8D3910D6-A190-493A-A68C-4125B5D1C788}"
EndProject
Project("{FAE04EC0-301F-11D3-BF4B-00C04F79EFBC}") = "Xenia.Encoding", "Xenia.Encoding\Xenia.Encoding.csproj", "{5195D1B8-6B79-4E95-921B-C868FB586113}"
EndProject
Project("{FAE04EC0-301F-11D3-BF4B-00C04F79EFBC}") = "Xenia.Caching", "Xenia.Caching\Xenia.Caching.csproj", "{A5C22D49-FF48-4A34-BBE1-E42C30FAE952}"
EndProject
Global
	GlobalSection(SolutionConfigurationPlatforms) = preSolution
		Debug|Any CPU = Debug|Any CPU
		Release|Any CPU = Release|Any CPU
	EndGlobalSection
	GlobalSection(ProjectConfigurationPlatforms) = postSolution
		{836474C8-9D44-41BA-9F05-AA7E0F4A5338}.Debug|Any CPU.ActiveCfg = Debug|Any CPU
		{836474C8-9D44-41BA-9F05-AA7E0F4A5338}.Debug|Any CPU.Build.0 = Debug|Any CPU
		{836474C8-9D44-41BA-9F05-AA7E0F4A5338}.Release|Any CPU.ActiveCfg = Release|Any CPU
		{836474C8-9D44-41BA-9F05-AA7E0F4A5338}.Release|Any CPU.Build.0 = Release|Any CPU
		{4324653C-63E8-4386-BD7C-9B9990629560}.Debug|Any CPU.ActiveCfg = Debug|Any CPU
		{4324653C-63E8-4386-BD7C-9B9990629560}.Debug|Any CPU.Build.0 = Debug|Any CPU
		{4324653C-63E8-4386-BD7C-9B9990629560}.Release|Any CPU.ActiveCfg = Release|Any CPU
		{4324653C-63E8-4386-BD7C-9B9990629560}.Release|Any CPU.Build.0 = Release|Any CPU
		{9DAFF7F9-55EF-465E-864F-06BDED9CE0C7}.Debug|Any CPU.ActiveCfg = Debug|Any CPU
		{9DAFF7F9-55EF-465E-864F-06BDED9CE0C7}.Debug|Any CPU.Build.0 = Debug|Any CPU
		{9DAFF7F9-55EF-465E-864F-06BDED9CE0C7}.Release|Any CPU.ActiveCfg = Release|Any CPU
		{9DAFF7F9-55EF-465E-864F-06BDED9CE0C7}.Release|Any CPU.Build.0 = Release|Any CPU
		{8D3910D6-A190-493A-A68C-4125B5D1C788}.Debug|Any CPU.ActiveCfg = Debug|Any CPU
		{8D3910D6-A190-493A-A68C-4125B5D1C788}.Debug|Any CPU.Build.0 = Debug|Any CPU
		{8D3910D6-A190-493A-A68C-4125B5D1C788}.Release|Any CPU.ActiveCfg = Release|Any CPU
		{8D3910D6-A190-493A-A68C-4125B5D1C788}.Release|Any CPU.Build.0 = Release|Any CPU
		{5195D1B8-6B79-4E95-921B-C868FB586113}.Debug|Any CPU.ActiveCfg = Debug|Any CPU
		{5195D1B8-6B79-4E95-921B-C868FB586113}.Debug|Any CPU.Build.0 = Debug|Any CPU
		{5195D1B8-6B79-4E95-921B-C868FB586113}.Release|Any CPU.ActiveCfg = Release|Any CPU
		{5195D1B8-6B79-4E95-921B-C868FB586113}.Release|Any CPU.Build.0 = Release|Any CPU
		{A5C22D49-FF48-4A34-BBE1-E42C30FAE952}.Debug|Any CPU.ActiveCfg = Debug|Any CPU
		{A5C22D49-FF48-4A34-BBE1-E42C30FAE952}.Debug|Any CPU.Build.0 = Debug|Any CPU
		{A5C22D49-FF48-4A34-BBE1-E42C30FAE952}.Release|Any CPU.ActiveCfg = Release|Any CPU
		{A5C22D49-FF48-4A34-BBE1-E42C30FAE952}.Release|Any CPU.Build.0 = Release|Any CPU
	EndGlobalSection
EndGlobal
